
Microsoft Visual Studio Solution File, Format Version 12.00
Project("{2150E333-8FDC-42A3-9474-1A3956D46DE8}") = "src", "src", "{827E0CD3-B72D-47B6-A68D-7590B98EB39B}"
EndProject
Project("{FAE04EC0-301F-11D3-BF4B-00C04F79EFBC}") = "IEC60870.Core", "src\IEC60870.Core\IEC60870.Core.csproj", "{23860DBD-BB8E-4C7B-B5EE-C2AEAA61EB30}"
EndProject
Project("{FAE04EC0-301F-11D3-BF4B-00C04F79EFBC}") = "IEC60870.App", "src\IEC60870.App\IEC60870.App.csproj", "{8A705774-906A-41C1-A850-60C7770E8F21}"
EndProject
Project("{FAE04EC0-301F-11D3-BF4B-00C04F79EFBC}") = "IEC60870.Transport104", "src\IEC60870.Transport104\IEC60870.Transport104.csproj", "{D2F60B5C-7775-4857-87B3-C4A6CD13D4CF}"
EndProject
Project("{FAE04EC0-301F-11D3-BF4B-00C04F79EFBC}") = "IEC60870.Security", "src\IEC60870.Security\IEC60870.Security.csproj", "{B060C793-E04E-4E8A-97BA-49C127D7FB41}"
EndProject
Project("{FAE04EC0-301F-11D3-BF4B-00C04F79EFBC}") = "IEC60870.Runtime", "src\IEC60870.Runtime\IEC60870.Runtime.csproj", "{AE98A4A9-0BFB-4FC3-B84B-D5DB903F30DC}"
EndProject
Project("{FAE04EC0-301F-11D3-BF4B-00C04F79EFBC}") = "IEC60870.TestHarness", "src\IEC60870.TestHarness\IEC60870.TestHarness.csproj", "{85C50114-B8E3-4BB0-BA01-4B4BB543EF62}"
EndProject
Project("{FAE04EC0-301F-11D3-BF4B-00C04F79EFBC}") = "IEC60870.Link101", "src\IEC60870.Link101\IEC60870.Link101.csproj", "{4C49B281-9556-413F-8D94-3363848714C5}"
EndProject
Project("{FAE04EC0-301F-11D3-BF4B-00C04F79EFBC}") = "IEC60870.UnitTests", "tests\IEC60870.UnitTests\IEC60870.UnitTests.csproj", "{D1A5475E-4EFF-4B9A-87F2-F8C81F3C85BF}"
EndProject
Project("{FAE04EC0-301F-11D3-BF4B-00C04F79EFBC}") = "IEC60870.InteropTests", "tests\IEC60870.InteropTests\IEC60870.InteropTests.csproj", "{5268DB8E-E11A-4146-A67C-29EB2D37019D}"
EndProject
Global
	GlobalSection(SolutionConfigurationPlatforms) = preSolution
		Debug|Any CPU = Debug|Any CPU
		Debug|x64 = Debug|x64
		Debug|x86 = Debug|x86
		Release|Any CPU = Release|Any CPU
		Release|x64 = Release|x64
		Release|x86 = Release|x86
	EndGlobalSection
	GlobalSection(ProjectConfigurationPlatforms) = postSolution
		{23860DBD-BB8E-4C7B-B5EE-C2AEAA61EB30}.Debug|Any CPU.ActiveCfg = Debug|Any CPU
		{23860DBD-BB8E-4C7B-B5EE-C2AEAA61EB30}.Debug|Any CPU.Build.0 = Debug|Any CPU
		{23860DBD-BB8E-4C7B-B5EE-C2AEAA61EB30}.Debug|x64.ActiveCfg = Debug|Any CPU
		{23860DBD-BB8E-4C7B-B5EE-C2AEAA61EB30}.Debug|x64.Build.0 = Debug|Any CPU
		{23860DBD-BB8E-4C7B-B5EE-C2AEAA61EB30}.Debug|x86.ActiveCfg = Debug|Any CPU
		{23860DBD-BB8E-4C7B-B5EE-C2AEAA61EB30}.Debug|x86.Build.0 = Debug|Any CPU
		{23860DBD-BB8E-4C7B-B5EE-C2AEAA61EB30}.Release|Any CPU.ActiveCfg = Release|Any CPU
		{23860DBD-BB8E-4C7B-B5EE-C2AEAA61EB30}.Release|Any CPU.Build.0 = Release|Any CPU
		{23860DBD-BB8E-4C7B-B5EE-C2AEAA61EB30}.Release|x64.ActiveCfg = Release|Any CPU
		{23860DBD-BB8E-4C7B-B5EE-C2AEAA61EB30}.Release|x64.Build.0 = Release|Any CPU
		{23860DBD-BB8E-4C7B-B5EE-C2AEAA61EB30}.Release|x86.ActiveCfg = Release|Any CPU
		{23860DBD-BB8E-4C7B-B5EE-C2AEAA61EB30}.Release|x86.Build.0 = Release|Any CPU
		{8A705774-906A-41C1-A850-60C7770E8F21}.Debug|Any CPU.ActiveCfg = Debug|Any CPU
		{8A705774-906A-41C1-A850-60C7770E8F21}.Debug|Any CPU.Build.0 = Debug|Any CPU
		{8A705774-906A-41C1-A850-60C7770E8F21}.Debug|x64.ActiveCfg = Debug|Any CPU
		{8A705774-906A-41C1-A850-60C7770E8F21}.Debug|x64.Build.0 = Debug|Any CPU
		{8A705774-906A-41C1-A850-60C7770E8F21}.Debug|x86.ActiveCfg = Debug|Any CPU
		{8A705774-906A-41C1-A850-60C7770E8F21}.Debug|x86.Build.0 = Debug|Any CPU
		{8A705774-906A-41C1-A850-60C7770E8F21}.Release|Any CPU.ActiveCfg = Release|Any CPU
		{8A705774-906A-41C1-A850-60C7770E8F21}.Release|Any CPU.Build.0 = Release|Any CPU
		{8A705774-906A-41C1-A850-60C7770E8F21}.Release|x64.ActiveCfg = Release|Any CPU
		{8A705774-906A-41C1-A850-60C7770E8F21}.Release|x64.Build.0 = Release|Any CPU
		{8A705774-906A-41C1-A850-60C7770E8F21}.Release|x86.ActiveCfg = Release|Any CPU
		{8A705774-906A-41C1-A850-60C7770E8F21}.Release|x86.Build.0 = Release|Any CPU
		{D2F60B5C-7775-4857-87B3-C4A6CD13D4CF}.Debug|Any CPU.ActiveCfg = Debug|Any CPU
		{D2F60B5C-7775-4857-87B3-C4A6CD13D4CF}.Debug|Any CPU.Build.0 = Debug|Any CPU
		{D2F60B5C-7775-4857-87B3-C4A6CD13D4CF}.Debug|x64.ActiveCfg = Debug|Any CPU
		{D2F60B5C-7775-4857-87B3-C4A6CD13D4CF}.Debug|x64.Build.0 = Debug|Any CPU
		{D2F60B5C-7775-4857-87B3-C4A6CD13D4CF}.Debug|x86.ActiveCfg = Debug|Any CPU
		{D2F60B5C-7775-4857-87B3-C4A6CD13D4CF}.Debug|x86.Build.0 = Debug|Any CPU
		{D2F60B5C-7775-4857-87B3-C4A6CD13D4CF}.Release|Any CPU.ActiveCfg = Release|Any CPU
		{D2F60B5C-7775-4857-87B3-C4A6CD13D4CF}.Release|Any CPU.Build.0 = Release|Any CPU
		{D2F60B5C-7775-4857-87B3-C4A6CD13D4CF}.Release|x64.ActiveCfg = Release|Any CPU
		{D2F60B5C-7775-4857-87B3-C4A6CD13D4CF}.Release|x64.Build.0 = Release|Any CPU
		{D2F60B5C-7775-4857-87B3-C4A6CD13D4CF}.Release|x86.ActiveCfg = Release|Any CPU
		{D2F60B5C-7775-4857-87B3-C4A6CD13D4CF}.Release|x86.Build.0 = Release|Any CPU
		{B060C793-E04E-4E8A-97BA-49C127D7FB41}.Debug|Any CPU.ActiveCfg = Debug|Any CPU
		{B060C793-E04E-4E8A-97BA-49C127D7FB41}.Debug|Any CPU.Build.0 = Debug|Any CPU
		{B060C793-E04E-4E8A-97BA-49C127D7FB41}.Debug|x64.ActiveCfg = Debug|Any CPU
		{B060C793-E04E-4E8A-97BA-49C127D7FB41}.Debug|x64.Build.0 = Debug|Any CPU
		{B060C793-E04E-4E8A-97BA-49C127D7FB41}.Debug|x86.ActiveCfg = Debug|Any CPU
		{B060C793-E04E-4E8A-97BA-49C127D7FB41}.Debug|x86.Build.0 = Debug|Any CPU
		{B060C793-E04E-4E8A-97BA-49C127D7FB41}.Release|Any CPU.ActiveCfg = Release|Any CPU
		{B060C793-E04E-4E8A-97BA-49C127D7FB41}.Release|Any CPU.Build.0 = Release|Any CPU
		{B060C793-E04E-4E8A-97BA-49C127D7FB41}.Release|x64.ActiveCfg = Release|Any CPU
		{B060C793-E04E-4E8A-97BA-49C127D7FB41}.Release|x64.Build.0 = Release|Any CPU
		{B060C793-E04E-4E8A-97BA-49C127D7FB41}.Release|x86.ActiveCfg = Release|Any CPU
		{B060C793-E04E-4E8A-97BA-49C127D7FB41}.Release|x86.Build.0 = Release|Any CPU
		{AE98A4A9-0BFB-4FC3-B84B-D5DB903F30DC}.Debug|Any CPU.ActiveCfg = Debug|Any CPU
		{AE98A4A9-0BFB-4FC3-B84B-D5DB903F30DC}.Debug|Any CPU.Build.0 = Debug|Any CPU
		{AE98A4A9-0BFB-4FC3-B84B-D5DB903F30DC}.Debug|x64.ActiveCfg = Debug|Any CPU
		{AE98A4A9-0BFB-4FC3-B84B-D5DB903F30DC}.Debug|x64.Build.0 = Debug|Any CPU
		{AE98A4A9-0BFB-4FC3-B84B-D5DB903F30DC}.Debug|x86.ActiveCfg = Debug|Any CPU
		{AE98A4A9-0BFB-4FC3-B84B-D5DB903F30DC}.Debug|x86.Build.0 = Debug|Any CPU
		{AE98A4A9-0BFB-4FC3-B84B-D5DB903F30DC}.Release|Any CPU.ActiveCfg = Release|Any CPU
		{AE98A4A9-0BFB-4FC3-B84B-D5DB903F30DC}.Release|Any CPU.Build.0 = Release|Any CPU
		{AE98A4A9-0BFB-4FC3-B84B-D5DB903F30DC}.Release|x64.ActiveCfg = Release|Any CPU
		{AE98A4A9-0BFB-4FC3-B84B-D5DB903F30DC}.Release|x64.Build.0 = Release|Any CPU
		{AE98A4A9-0BFB-4FC3-B84B-D5DB903F30DC}.Release|x86.ActiveCfg = Release|Any CPU
		{AE98A4A9-0BFB-4FC3-B84B-D5DB903F30DC}.Release|x86.Build.0 = Release|Any CPU
		{85C50114-B8E3-4BB0-BA01-4B4BB543EF62}.Debug|Any CPU.ActiveCfg = Debug|Any CPU
		{85C50114-B8E3-4BB0-BA01-4B4BB543EF62}.Debug|Any CPU.Build.0 = Debug|Any CPU
		{85C50114-B8E3-4BB0-BA01-4B4BB543EF62}.Debug|x64.ActiveCfg = Debug|Any CPU
		{85C50114-B8E3-4BB0-BA01-4B4BB543EF62}.Debug|x64.Build.0 = Debug|Any CPU
		{85C50114-B8E3-4BB0-BA01-4B4BB543EF62}.Debug|x86.ActiveCfg = Debug|Any CPU
		{85C50114-B8E3-4BB0-BA01-4B4BB543EF62}.Debug|x86.Build.0 = Debug|Any CPU
		{85C50114-B8E3-4BB0-BA01-4B4BB543EF62}.Release|Any CPU.ActiveCfg = Release|Any CPU
		{85C50114-B8E3-4BB0-BA01-4B4BB543EF62}.Release|Any CPU.Build.0 = Release|Any CPU
		{85C50114-B8E3-4BB0-BA01-4B4BB543EF62}.Release|x64.ActiveCfg = Release|Any CPU
		{85C50114-B8E3-4BB0-BA01-4B4BB543EF62}.Release|x64.Build.0 = Release|Any CPU
		{85C50114-B8E3-4BB0-BA01-4B4BB543EF62}.Release|x86.ActiveCfg = Release|Any CPU
		{85C50114-B8E3-4BB0-BA01-4B4BB543EF62}.Release|x86.Build.0 = Release|Any CPU
		{4C49B281-9556-413F-8D94-3363848714C5}.Debug|Any CPU.ActiveCfg = Debug|Any CPU
		{4C49B281-9556-413F-8D94-3363848714C5}.Debug|Any CPU.Build.0 = Debug|Any CPU
		{4C49B281-9556-413F-8D94-3363848714C5}.Debug|x64.ActiveCfg = Debug|Any CPU
		{4C49B281-9556-413F-8D94-3363848714C5}.Debug|x64.Build.0 = Debug|Any CPU
		{4C49B281-9556-413F-8D94-3363848714C5}.Debug|x86.ActiveCfg = Debug|Any CPU
		{4C49B281-9556-413F-8D94-3363848714C5}.Debug|x86.Build.0 = Debug|Any CPU
		{4C49B281-9556-413F-8D94-3363848714C5}.Release|Any CPU.ActiveCfg = Release|Any CPU
		{4C49B281-9556-413F-8D94-3363848714C5}.Release|Any CPU.Build.0 = Release|Any CPU
		{4C49B281-9556-413F-8D94-3363848714C5}.Release|x64.ActiveCfg = Release|Any CPU
		{4C49B281-9556-413F-8D94-3363848714C5}.Release|x64.Build.0 = Release|Any CPU
		{4C49B281-9556-413F-8D94-3363848714C5}.Release|x86.ActiveCfg = Release|Any CPU
		{4C49B281-9556-413F-8D94-3363848714C5}.Release|x86.Build.0 = Release|Any CPU
		{D1A5475E-4EFF-4B9A-87F2-F8C81F3C85BF}.Debug|Any CPU.ActiveCfg = Debug|Any CPU
		{D1A5475E-4EFF-4B9A-87F2-F8C81F3C85BF}.Debug|Any CPU.Build.0 = Debug|Any CPU
		{D1A5475E-4EFF-4B9A-87F2-F8C81F3C85BF}.Debug|x64.ActiveCfg = Debug|Any CPU
		{D1A5475E-4EFF-4B9A-87F2-F8C81F3C85BF}.Debug|x64.Build.0 = Debug|Any CPU
		{D1A5475E-4EFF-4B9A-87F2-F8C81F3C85BF}.Debug|x86.ActiveCfg = Debug|Any CPU
		{D1A5475E-4EFF-4B9A-87F2-F8C81F3C85BF}.Debug|x86.Build.0 = Debug|Any CPU
		{D1A5475E-4EFF-4B9A-87F2-F8C81F3C85BF}.Release|Any CPU.ActiveCfg = Release|Any CPU
		{D1A5475E-4EFF-4B9A-87F2-F8C81F3C85BF}.Release|Any CPU.Build.0 = Release|Any CPU
		{D1A5475E-4EFF-4B9A-87F2-F8C81F3C85BF}.Release|x64.ActiveCfg = Release|Any CPU
		{D1A5475E-4EFF-4B9A-87F2-F8C81F3C85BF}.Release|x64.Build.0 = Release|Any CPU
		{D1A5475E-4EFF-4B9A-87F2-F8C81F3C85BF}.Release|x86.ActiveCfg = Release|Any CPU
		{D1A5475E-4EFF-4B9A-87F2-F8C81F3C85BF}.Release|x86.Build.0 = Release|Any CPU
		{5268DB8E-E11A-4146-A67C-29EB2D37019D}.Debug|Any CPU.ActiveCfg = Debug|Any CPU
		{5268DB8E-E11A-4146-A67C-29EB2D37019D}.Debug|Any CPU.Build.0 = Debug|Any CPU
		{5268DB8E-E11A-4146-A67C-29EB2D37019D}.Debug|x64.ActiveCfg = Debug|Any CPU
		{5268DB8E-E11A-4146-A67C-29EB2D37019D}.Debug|x64.Build.0 = Debug|Any CPU
		{5268DB8E-E11A-4146-A67C-29EB2D37019D}.Debug|x86.ActiveCfg = Debug|Any CPU
		{5268DB8E-E11A-4146-A67C-29EB2D37019D}.Debug|x86.Build.0 = Debug|Any CPU
		{5268DB8E-E11A-4146-A67C-29EB2D37019D}.Release|Any CPU.ActiveCfg = Release|Any CPU
		{5268DB8E-E11A-4146-A67C-29EB2D37019D}.Release|Any CPU.Build.0 = Release|Any CPU
		{5268DB8E-E11A-4146-A67C-29EB2D37019D}.Release|x64.ActiveCfg = Release|Any CPU
		{5268DB8E-E11A-4146-A67C-29EB2D37019D}.Release|x64.Build.0 = Release|Any CPU
		{5268DB8E-E11A-4146-A67C-29EB2D37019D}.Release|x86.ActiveCfg = Release|Any CPU
		{5268DB8E-E11A-4146-A67C-29EB2D37019D}.Release|x86.Build.0 = Release|Any CPU
	EndGlobalSection
	GlobalSection(SolutionProperties) = preSolution
		HideSolutionNode = FALSE
	EndGlobalSection
	GlobalSection(NestedProjects) = preSolution
		{23860DBD-BB8E-4C7B-B5EE-C2AEAA61EB30} = {827E0CD3-B72D-47B6-A68D-7590B98EB39B}
		{8A705774-906A-41C1-A850-60C7770E8F21} = {827E0CD3-B72D-47B6-A68D-7590B98EB39B}
		{D2F60B5C-7775-4857-87B3-C4A6CD13D4CF} = {827E0CD3-B72D-47B6-A68D-7590B98EB39B}
		{B060C793-E04E-4E8A-97BA-49C127D7FB41} = {827E0CD3-B72D-47B6-A68D-7590B98EB39B}
		{AE98A4A9-0BFB-4FC3-B84B-D5DB903F30DC} = {827E0CD3-B72D-47B6-A68D-7590B98EB39B}
		{85C50114-B8E3-4BB0-BA01-4B4BB543EF62} = {827E0CD3-B72D-47B6-A68D-7590B98EB39B}
		{4C49B281-9556-413F-8D94-3363848714C5} = {827E0CD3-B72D-47B6-A68D-7590B98EB39B}
		{D1A5475E-4EFF-4B9A-87F2-F8C81F3C85BF} = {827E0CD3-B72D-47B6-A68D-7590B98EB39B}
		{5268DB8E-E11A-4146-A67C-29EB2D37019D} = {827E0CD3-B72D-47B6-A68D-7590B98EB39B}
	EndGlobalSection
EndGlobal
